
Microsoft Visual Studio Solution File, Format Version 12.00
# Visual Studio Version 17
VisualStudioVersion = 17.1.32421.90
MinimumVisualStudioVersion = 10.0.40219.1
Project("{FAE04EC0-301F-11D3-BF4B-00C04F79EFBC}") = "ToxicGasFramework", "ToxicGasFramework\ToxicGasFramework.csproj", "{F937247F-2FAB-4ACB-A23A-56597CF4C08C}"
EndProject
Project("{2150E333-8FDC-42A3-9474-1A3956D46DE8}") = "Solution Items", "Solution Items", "{7458DCE9-D0D3-4DCF-9599-EFAB7915CF15}"
EndProject
Global
	GlobalSection(SolutionConfigurationPlatforms) = preSolution
		Debug|Any CPU = Debug|Any CPU
		Release|Any CPU = Release|Any CPU
	EndGlobalSection
	GlobalSection(ProjectConfigurationPlatforms) = postSolution
		{F937247F-2FAB-4ACB-A23A-56597CF4C08C}.Debug|Any CPU.ActiveCfg = Debug|Any CPU
		{F937247F-2FAB-4ACB-A23A-56597CF4C08C}.Debug|Any CPU.Build.0 = Debug|Any CPU
		{F937247F-2FAB-4ACB-A23A-56597CF4C08C}.Release|Any CPU.ActiveCfg = Release|Any CPU
		{F937247F-2FAB-4ACB-A23A-56597CF4C08C}.Release|Any CPU.Build.0 = Release|Any CPU
	EndGlobalSection
	GlobalSection(SolutionProperties) = preSolution
		HideSolutionNode = FALSE
	EndGlobalSection
	GlobalSection(ExtensibilityGlobals) = postSolution
		SolutionGuid = {E344CE5B-A6B1-4E22-B473-02BCB9F31AF1}
	EndGlobalSection
EndGlobal
